Microsoft Visual Studio Solution File, Format Version 12.00
# Visual Studio Version 17
VisualStudioVersion = 17.5.2.0
MinimumVisualStudioVersion = 10.0.40219.1
Project("{2150E333-8FDC-42A3-9474-1A3956D46DE8}") = "tests", "tests", "{0AB3BF05-4346-4AA6-1389-037BE0695223}"
EndProject
Project("{2150E333-8FDC-42A3-9474-1A3956D46DE8}") = "src", "src", "{827E0CD3-B72D-47B6-A68D-7590B98EB39B}"
EndProject
Project("{FAE04EC0-301F-11D3-BF4B-00C04F79EFBC}") = "Lab4.Tests", "tests\Lab4.Tests\Lab4.Tests.csproj", "{EFEAD1B8-283C-57F5-6CD4-535A572C7D1E}"
EndProject
Project("{FAE04EC0-301F-11D3-BF4B-00C04F79EFBC}") = "Lab2.Tests", "tests\Lab2.Tests\Lab2.Tests.csproj", "{7BED3D08-3BB4-E7A7-6BD1-A1D7B8B59573}"
EndProject
Project("{FAE04EC0-301F-11D3-BF4B-00C04F79EFBC}") = "Lab5.Tests", "tests\Lab5.Tests\Lab5.Tests.csproj", "{7B5F8C94-B30C-3AF6-FA79-E32D573F52C0}"
EndProject
Project("{FAE04EC0-301F-11D3-BF4B-00C04F79EFBC}") = "Lab1.Tests", "tests\Lab1.Tests\Lab1.Tests.csproj", "{90FF9D61-131D-D325-CE43-F9DF31EFBBAC}"
EndProject
Project("{FAE04EC0-301F-11D3-BF4B-00C04F79EFBC}") = "Lab3.Tests", "tests\Lab3.Tests\Lab3.Tests.csproj", "{40BA4A7B-0110-3A01-271C-4AE4A7F6817C}"
EndProject
Project("{FAE04EC0-301F-11D3-BF4B-00C04F79EFBC}") = "Lab1", "src\Lab1\Lab1.csproj", "{285F95C7-3860-B32E-3A73-2E48AB90A7D8}"
EndProject
Project("{FAE04EC0-301F-11D3-BF4B-00C04F79EFBC}") = "Lab4.Core", "src\Lab4.Core\Lab4.Core.csproj", "{BE7DC31E-2C7A-E589-36F6-113422451C1C}"
EndProject
Project("{FAE04EC0-301F-11D3-BF4B-00C04F79EFBC}") = "Lab5", "src\Lab5\Lab5.csproj", "{2A072D78-76ED-951B-561C-77A1AEAF91A9}"
EndProject
Project("{FAE04EC0-301F-11D3-BF4B-00C04F79EFBC}") = "Lab4.Presentation", "src\Lab4.Presentation\Lab4.Presentation.csproj", "{30F960C8-A805-E774-9491-AB10337ED348}"
EndProject
Project("{FAE04EC0-301F-11D3-BF4B-00C04F79EFBC}") = "Lab2", "src\Lab2\Lab2.csproj", "{84BF5C3A-B3FB-D1FC-BCA5-FF004F1B0D6A}"
EndProject
Project("{FAE04EC0-301F-11D3-BF4B-00C04F79EFBC}") = "Lab3", "src\Lab3\Lab3.csproj", "{1FF65838-9E82-EC19-05DC-E0604A415DA3}"
EndProject
Global
	GlobalSection(SolutionConfigurationPlatforms) = preSolution
		Debug|Any CPU = Debug|Any CPU
		Release|Any CPU = Release|Any CPU
	EndGlobalSection
	GlobalSection(ProjectConfigurationPlatforms) = postSolution
		{EFEAD1B8-283C-57F5-6CD4-535A572C7D1E}.Debug|Any CPU.ActiveCfg = Debug|Any CPU
		{EFEAD1B8-283C-57F5-6CD4-535A572C7D1E}.Debug|Any CPU.Build.0 = Debug|Any CPU
		{EFEAD1B8-283C-57F5-6CD4-535A572C7D1E}.Release|Any CPU.ActiveCfg = Release|Any CPU
		{EFEAD1B8-283C-57F5-6CD4-535A572C7D1E}.Release|Any CPU.Build.0 = Release|Any CPU
		{7BED3D08-3BB4-E7A7-6BD1-A1D7B8B59573}.Debug|Any CPU.ActiveCfg = Debug|Any CPU
		{7BED3D08-3BB4-E7A7-6BD1-A1D7B8B59573}.Debug|Any CPU.Build.0 = Debug|Any CPU
		{7BED3D08-3BB4-E7A7-6BD1-A1D7B8B59573}.Release|Any CPU.ActiveCfg = Release|Any CPU
		{7BED3D08-3BB4-E7A7-6BD1-A1D7B8B59573}.Release|Any CPU.Build.0 = Release|Any CPU
		{7B5F8C94-B30C-3AF6-FA79-E32D573F52C0}.Debug|Any CPU.ActiveCfg = Debug|Any CPU
		{7B5F8C94-B30C-3AF6-FA79-E32D573F52C0}.Debug|Any CPU.Build.0 = Debug|Any CPU
		{7B5F8C94-B30C-3AF6-FA79-E32D573F52C0}.Release|Any CPU.ActiveCfg = Release|Any CPU
		{7B5F8C94-B30C-3AF6-FA79-E32D573F52C0}.Release|Any CPU.Build.0 = Release|Any CPU
		{90FF9D61-131D-D325-CE43-F9DF31EFBBAC}.Debug|Any CPU.ActiveCfg = Debug|Any CPU
		{90FF9D61-131D-D325-CE43-F9DF31EFBBAC}.Debug|Any CPU.Build.0 = Debug|Any CPU
		{90FF9D61-131D-D325-CE43-F9DF31EFBBAC}.Release|Any CPU.ActiveCfg = Release|Any CPU
		{90FF9D61-131D-D325-CE43-F9DF31EFBBAC}.Release|Any CPU.Build.0 = Release|Any CPU
		{40BA4A7B-0110-3A01-271C-4AE4A7F6817C}.Debug|Any CPU.ActiveCfg = Debug|Any CPU
		{40BA4A7B-0110-3A01-271C-4AE4A7F6817C}.Debug|Any CPU.Build.0 = Debug|Any CPU
		{40BA4A7B-0110-3A01-271C-4AE4A7F6817C}.Release|Any CPU.ActiveCfg = Release|Any CPU
		{40BA4A7B-0110-3A01-271C-4AE4A7F6817C}.Release|Any CPU.Build.0 = Release|Any CPU
		{285F95C7-3860-B32E-3A73-2E48AB90A7D8}.Debug|Any CPU.ActiveCfg = Debug|Any CPU
		{285F95C7-3860-B32E-3A73-2E48AB90A7D8}.Debug|Any CPU.Build.0 = Debug|Any CPU
		{285F95C7-3860-B32E-3A73-2E48AB90A7D8}.Release|Any CPU.ActiveCfg = Release|Any CPU
		{285F95C7-3860-B32E-3A73-2E48AB90A7D8}.Release|Any CPU.Build.0 = Release|Any CPU
		{BE7DC31E-2C7A-E589-36F6-113422451C1C}.Debug|Any CPU.ActiveCfg = Debug|Any CPU
		{BE7DC31E-2C7A-E589-36F6-113422451C1C}.Debug|Any CPU.Build.0 = Debug|Any CPU
		{BE7DC31E-2C7A-E589-36F6-113422451C1C}.Release|Any CPU.ActiveCfg = Release|Any CPU
		{BE7DC31E-2C7A-E589-36F6-113422451C1C}.Release|Any CPU.Build.0 = Release|Any CPU
		{2A072D78-76ED-951B-561C-77A1AEAF91A9}.Debug|Any CPU.ActiveCfg = Debug|Any CPU
		{2A072D78-76ED-951B-561C-77A1AEAF91A9}.Debug|Any CPU.Build.0 = Debug|Any CPU
		{2A072D78-76ED-951B-561C-77A1AEAF91A9}.Release|Any CPU.ActiveCfg = Release|Any CPU
		{2A072D78-76ED-951B-561C-77A1AEAF91A9}.Release|Any CPU.Build.0 = Release|Any CPU
		{30F960C8-A805-E774-9491-AB10337ED348}.Debug|Any CPU.ActiveCfg = Debug|Any CPU
		{30F960C8-A805-E774-9491-AB10337ED348}.Debug|Any CPU.Build.0 = Debug|Any CPU
		{30F960C8-A805-E774-9491-AB10337ED348}.Release|Any CPU.ActiveCfg = Release|Any CPU
		{30F960C8-A805-E774-9491-AB10337ED348}.Release|Any CPU.Build.0 = Release|Any CPU
		{84BF5C3A-B3FB-D1FC-BCA5-FF004F1B0D6A}.Debug|Any CPU.ActiveCfg = Debug|Any CPU
		{84BF5C3A-B3FB-D1FC-BCA5-FF004F1B0D6A}.Debug|Any CPU.Build.0 = Debug|Any CPU
		{84BF5C3A-B3FB-D1FC-BCA5-FF004F1B0D6A}.Release|Any CPU.ActiveCfg = Release|Any CPU
		{84BF5C3A-B3FB-D1FC-BCA5-FF004F1B0D6A}.Release|Any CPU.Build.0 = Release|Any CPU
		{1FF65838-9E82-EC19-05DC-E0604A415DA3}.Debug|Any CPU.ActiveCfg = Debug|Any CPU
		{1FF65838-9E82-EC19-05DC-E0604A415DA3}.Debug|Any CPU.Build.0 = Debug|Any CPU
		{1FF65838-9E82-EC19-05DC-E0604A415DA3}.Release|Any CPU.ActiveCfg = Release|Any CPU
		{1FF65838-9E82-EC19-05DC-E0604A415DA3}.Release|Any CPU.Build.0 = Release|Any CPU
	EndGlobalSection
	GlobalSection(SolutionProperties) = preSolution
		HideSolutionNode = FALSE
	EndGlobalSection
	GlobalSection(NestedProjects) = preSolution
		{EFEAD1B8-283C-57F5-6CD4-535A572C7D1E} = {0AB3BF05-4346-4AA6-1389-037BE0695223}
		{7BED3D08-3BB4-E7A7-6BD1-A1D7B8B59573} = {0AB3BF05-4346-4AA6-1389-037BE0695223}
		{7B5F8C94-B30C-3AF6-FA79-E32D573F52C0} = {0AB3BF05-4346-4AA6-1389-037BE0695223}
		{90FF9D61-131D-D325-CE43-F9DF31EFBBAC} = {0AB3BF05-4346-4AA6-1389-037BE0695223}
		{40BA4A7B-0110-3A01-271C-4AE4A7F6817C} = {0AB3BF05-4346-4AA6-1389-037BE0695223}
		{285F95C7-3860-B32E-3A73-2E48AB90A7D8} = {827E0CD3-B72D-47B6-A68D-7590B98EB39B}
		{BE7DC31E-2C7A-E589-36F6-113422451C1C} = {827E0CD3-B72D-47B6-A68D-7590B98EB39B}
		{2A072D78-76ED-951B-561C-77A1AEAF91A9} = {827E0CD3-B72D-47B6-A68D-7590B98EB39B}
		{30F960C8-A805-E774-9491-AB10337ED348} = {827E0CD3-B72D-47B6-A68D-7590B98EB39B}
		{84BF5C3A-B3FB-D1FC-BCA5-FF004F1B0D6A} = {827E0CD3-B72D-47B6-A68D-7590B98EB39B}
		{1FF65838-9E82-EC19-05DC-E0604A415DA3} = {827E0CD3-B72D-47B6-A68D-7590B98EB39B}
	EndGlobalSection
	GlobalSection(ExtensibilityGlobals) = postSolution
		SolutionGuid = {CEEF9F72-F146-41C6-B633-72AB1378DC4C}
	EndGlobalSection
EndGlobal
